
Microsoft Visual Studio Solution File, Format Version 12.00
# Visual Studio Version 17
VisualStudioVersion = 17.5.33627.172
MinimumVisualStudioVersion = 10.0.40219.1
Project("{FAE04EC0-301F-11D3-BF4B-00C04F79EFBC}") = "WordFinderChallenge", "WordFinderChallenge.csproj", "{50144B05-4A59-4958-8333-C9E4306ECDD7}"
EndProject
Global
	GlobalSection(SolutionConfigurationPlatforms) = preSolution
		Debug|Any CPU = Debug|Any CPU
		Release|Any CPU = Release|Any CPU
	EndGlobalSection
	GlobalSection(ProjectConfigurationPlatforms) = postSolution
		{50144B05-4A59-4958-8333-C9E4306ECDD7}.Debug|Any CPU.ActiveCfg = Debug|Any CPU
		{50144B05-4A59-4958-8333-C9E4306ECDD7}.Debug|Any CPU.Build.0 = Debug|Any CPU
		{50144B05-4A59-4958-8333-C9E4306ECDD7}.Release|Any CPU.ActiveCfg = Release|Any CPU
		{50144B05-4A59-4958-8333-C9E4306ECDD7}.Release|Any CPU.Build.0 = Release|Any CPU
	EndGlobalSection
	GlobalSection(SolutionProperties) = preSolution
		HideSolutionNode = FALSE
	EndGlobalSection
	GlobalSection(ExtensibilityGlobals) = postSolution
		SolutionGuid = {02B0A7F6-BE2B-4C1A-B5E3-7737EE46A263}
	EndGlobalSection
EndGlobal
